// !$*UTF8*$!
{
	archiveVersion = 1;
	classes = {
	};
	objectVersion = 56;
	objects = {

/* Begin PBXBuildFile section */
		67303E622A93E5F4009AF842 /* AppDelegate.swift in Sources */ = {isa = PBXBuildFile; fileRef = 67303E612A93E5F4009AF842 /* AppDelegate.swift */; };
		67303E642A93E5F4009AF842 /* SceneDelegate.swift in Sources */ = {isa = PBXBuildFile; fileRef = 67303E632A93E5F4009AF842 /* SceneDelegate.swift */; };
		67303E662A93E5F4009AF842 /* ViewController.swift in Sources */ = {isa = PBXBuildFile; fileRef = 67303E652A93E5F4009AF842 /* ViewController.swift */; };
		67303E692A93E5F4009AF842 /* Main.storyboard in Resources */ = {isa = PBXBuildFile; fileRef = 67303E672A93E5F4009AF842 /* Main.storyboard */; };
		67303E6B2A93E5F5009AF842 /* Assets.xcassets in Resources */ = {isa = PBXBuildFile; fileRef = 67303E6A2A93E5F5009AF842 /* Assets.xcassets */; };
		67303E7B2A9546B4009AF842 /* FocusViewController.swift in Sources */ = {isa = PBXBuildFile; fileRef = 67303E7A2A9546B4009AF842 /* FocusViewController.swift */; };
		67303E7D2A9546E1009AF842 /* ScheduleViewController.swift in Sources */ = {isa = PBXBuildFile; fileRef = 67303E7C2A9546E1009AF842 /* ScheduleViewController.swift */; };
		67303E7F2A9548AB009AF842 /* HomeViewController.swift in Sources */ = {isa = PBXBuildFile; fileRef = 67303E7E2A9548AB009AF842 /* HomeViewController.swift */; };
		67303E812A968ACC009AF842 /* CustomHomeTableViewCell.swift in Sources */ = {isa = PBXBuildFile; fileRef = 67303E802A968ACC009AF842 /* CustomHomeTableViewCell.swift */; };
		67303E832A97CFC6009AF842 /* countdownView.swift in Sources */ = {isa = PBXBuildFile; fileRef = 67303E822A97CFC6009AF842 /* countdownView.swift */; };
		67303E862A9A8E7E009AF842 /* FSCalendar in Frameworks */ = {isa = PBXBuildFile; productRef = 67303E852A9A8E7E009AF842 /* FSCalendar */; };
		67303E8A2A9CEDFE009AF842 /* newTimerPopupView.swift in Sources */ = {isa = PBXBuildFile; fileRef = 67303E892A9CEDFE009AF842 /* newTimerPopupView.swift */; };
		67303E8E2AA9FCA1009AF842 /* UpdateTimerViewController.swift in Sources */ = {isa = PBXBuildFile; fileRef = 67303E8D2AA9FCA1009AF842 /* UpdateTimerViewController.swift */; };
		67303E902AAB4FBB009AF842 /* jsonResults.swift in Sources */ = {isa = PBXBuildFile; fileRef = 67303E8F2AAB4FBB009AF842 /* jsonResults.swift */; };
		67303E922AAF4EE7009AF842 /* CountDownViewController.swift in Sources */ = {isa = PBXBuildFile; fileRef = 67303E912AAF4EE7009AF842 /* CountDownViewController.swift */; };
/* End PBXBuildFile section */

/* Begin PBXFileReference section */
		67303E5E2A93E5F4009AF842 /* BreakTimeReminderApp.app */ = {isa = PBXFileReference; explicitFileType = wrapper.application; includeInIndex = 0; path = BreakTimeReminderApp.app; sourceTree = BUILT_PRODUCTS_DIR; };
		67303E612A93E5F4009AF842 /* AppDelegate.swift */ = {isa = PBXFileReference; lastKnownFileType = sourcecode.swift; path = AppDelegate.swift; sourceTree = "<group>"; };
		67303E632A93E5F4009AF842 /* SceneDelegate.swift */ = {isa = PBXFileReference; lastKnownFileType = sourcecode.swift; path = SceneDelegate.swift; sourceTree = "<group>"; };
		67303E652A93E5F4009AF842 /* ViewController.swift */ = {isa = PBXFileReference; lastKnownFileType = sourcecode.swift; path = ViewController.swift; sourceTree = "<group>"; };
		67303E682A93E5F4009AF842 /* Base */ = {isa = PBXFileReference; lastKnownFileType = file.storyboard; name = Base; path = Base.lproj/Main.storyboard; sourceTree = "<group>"; };
		67303E6A2A93E5F5009AF842 /* Assets.xcassets */ = {isa = PBXFileReference; lastKnownFileType = folder.assetcatalog; path = Assets.xcassets; sourceTree = "<group>"; };
		67303E6F2A93E5F5009AF842 /* Info.plist */ = {isa = PBXFileReference; lastKnownFileType = text.plist.xml; path = Info.plist; sourceTree = "<group>"; };
		67303E7A2A9546B4009AF842 /* FocusViewController.swift */ = {isa = PBXFileReference; lastKnownFileType = sourcecode.swift; path = FocusViewController.swift; sourceTree = "<group>"; };
		67303E7C2A9546E1009AF842 /* ScheduleViewController.swift */ = {isa = PBXFileReference; lastKnownFileType = sourcecode.swift; path = ScheduleViewController.swift; sourceTree = "<group>"; };
		67303E7E2A9548AB009AF842 /* HomeViewController.swift */ = {isa = PBXFileReference; lastKnownFileType = sourcecode.swift; path = HomeViewController.swift; sourceTree = "<group>"; };
		67303E802A968ACC009AF842 /* CustomHomeTableViewCell.swift */ = {isa = PBXFileReference; lastKnownFileType = sourcecode.swift; path = CustomHomeTableViewCell.swift; sourceTree = "<group>"; };
		67303E822A97CFC6009AF842 /* countdownView.swift */ = {isa = PBXFileReference; lastKnownFileType = sourcecode.swift; path = countdownView.swift; sourceTree = "<group>"; };
		67303E892A9CEDFE009AF842 /* newTimerPopupView.swift */ = {isa = PBXFileReference; lastKnownFileType = sourcecode.swift; path = newTimerPopupView.swift; sourceTree = "<group>"; };
		67303E8D2AA9FCA1009AF842 /* UpdateTimerViewController.swift */ = {isa = PBXFileReference; lastKnownFileType = sourcecode.swift; path = UpdateTimerViewController.swift; sourceTree = "<group>"; };
		67303E8F2AAB4FBB009AF842 /* jsonResults.swift */ = {isa = PBXFileReference; lastKnownFileType = sourcecode.swift; path = jsonResults.swift; sourceTree = "<group>"; };
		67303E912AAF4EE7009AF842 /* CountDownViewController.swift */ = {isa = PBXFileReference; lastKnownFileType = sourcecode.swift; path = CountDownViewController.swift; sourceTree = "<group>"; };
/* End PBXFileReference section */

/* Begin PBXFrameworksBuildPhase section */
		67303E5B2A93E5F4009AF842 /* Frameworks */ = {
			isa = PBXFrameworksBuildPhase;
			buildActionMask = 2147483647;
			files = (
				67303E862A9A8E7E009AF842 /* FSCalendar in Frameworks */,
			);
			runOnlyForDeploymentPostprocessing = 0;
		};
/* End PBXFrameworksBuildPhase section */

/* Begin PBXGroup section */
		67303E552A93E5F4009AF842 = {
			isa = PBXGroup;
			children = (
				67303E602A93E5F4009AF842 /* BreakTimeReminderApp */,
				67303E5F2A93E5F4009AF842 /* Products */,
			);
			sourceTree = "<group>";
		};
		67303E5F2A93E5F4009AF842 /* Products */ = {
			isa = PBXGroup;
			children = (
				67303E5E2A93E5F4009AF842 /* BreakTimeReminderApp.app */,
			);
			name = Products;
			sourceTree = "<group>";
		};
		67303E602A93E5F4009AF842 /* BreakTimeReminderApp */ = {
			isa = PBXGroup;
			children = (
				67303E772A952F14009AF842 /* ViewModel */,
				67303E762A952F06009AF842 /* Model */,
				67303E752A952EF2009AF842 /* Views */,
				67303E612A93E5F4009AF842 /* AppDelegate.swift */,
				67303E632A93E5F4009AF842 /* SceneDelegate.swift */,
				67303E672A93E5F4009AF842 /* Main.storyboard */,
				67303E6A2A93E5F5009AF842 /* Assets.xcassets */,
				67303E6F2A93E5F5009AF842 /* Info.plist */,
			);
			path = BreakTimeReminderApp;
			sourceTree = "<group>";
		};
		67303E752A952EF2009AF842 /* Views */ = {
			isa = PBXGroup;
			children = (
				67303E652A93E5F4009AF842 /* ViewController.swift */,
				67303E7E2A9548AB009AF842 /* HomeViewController.swift */,
				67303E8F2AAB4FBB009AF842 /* jsonResults.swift */,
				67303E7A2A9546B4009AF842 /* FocusViewController.swift */,
				67303E7C2A9546E1009AF842 /* ScheduleViewController.swift */,
				67303E822A97CFC6009AF842 /* countdownView.swift */,
				67303E892A9CEDFE009AF842 /* newTimerPopupView.swift */,
				67303E8D2AA9FCA1009AF842 /* UpdateTimerViewController.swift */,
				67303E912AAF4EE7009AF842 /* CountDownViewController.swift */,
			);
			path = Views;
			sourceTree = "<group>";
		};
		67303E762A952F06009AF842 /* Model */ = {
			isa = PBXGroup;
			children = (
			);
			path = Model;
			sourceTree = "<group>";
		};
		67303E772A952F14009AF842 /* ViewModel */ = {
			isa = PBXGroup;
			children = (
				67303E802A968ACC009AF842 /* CustomHomeTableViewCell.swift */,
			);
			path = ViewModel;
			sourceTree = "<group>";
		};
/* End PBXGroup section */

/* Begin PBXNativeTarget section */
		67303E5D2A93E5F4009AF842 /* BreakTimeReminderApp */ = {
			isa = PBXNativeTarget;
			buildConfigurationList = 67303E722A93E5F5009AF842 /* Build configuration list for PBXNativeTarget "BreakTimeReminderApp" */;
			buildPhases = (
				67303E5A2A93E5F4009AF842 /* Sources */,
				67303E5B2A93E5F4009AF842 /* Frameworks */,
				67303E5C2A93E5F4009AF842 /* Resources */,
			);
			buildRules = (
			);
			dependencies = (
			);
			name = BreakTimeReminderApp;
			packageProductDependencies = (
				67303E852A9A8E7E009AF842 /* FSCalendar */,
			);
			productName = BreakTimeReminderApp;
			productReference = 67303E5E2A93E5F4009AF842 /* BreakTimeReminderApp.app */;
			productType = "com.apple.product-type.application";
		};
/* End PBXNativeTarget section */

/* Begin PBXProject section */
		67303E562A93E5F4009AF842 /* Project object */ = {
			isa = PBXProject;
			attributes = {
				BuildIndependentTargetsInParallel = 1;
				LastSwiftUpdateCheck = 1430;
				LastUpgradeCheck = 1430;
				TargetAttributes = {
					67303E5D2A93E5F4009AF842 = {
						CreatedOnToolsVersion = 14.3.1;
					};
				};
			};
			buildConfigurationList = 67303E592A93E5F4009AF842 /* Build configuration list for PBXProject "BreakTimeReminderApp" */;
			compatibilityVersion = "Xcode 14.0";
			developmentRegion = en;
			hasScannedForEncodings = 0;
			knownRegions = (
				en,
				Base,
			);
			mainGroup = 67303E552A93E5F4009AF842;
			packageReferences = (
				67303E842A9A8E7E009AF842 /* XCRemoteSwiftPackageReference "FSCalendar" */,
			);
			productRefGroup = 67303E5F2A93E5F4009AF842 /* Products */;
			projectDirPath = "";
			projectRoot = "";
			targets = (
				67303E5D2A93E5F4009AF842 /* BreakTimeReminderApp */,
			);
		};
/* End PBXProject section */

/* Begin PBXResourcesBuildPhase section */
		67303E5C2A93E5F4009AF842 /* Resources */ = {
			isa = PBXResourcesBuildPhase;
			buildActionMask = 2147483647;
			files = (
				67303E6B2A93E5F5009AF842 /* Assets.xcassets in Resources */,
				67303E692A93E5F4009AF842 /* Main.storyboard in Resources */,
			);
			runOnlyForDeploymentPostprocessing = 0;
		};
/* End PBXResourcesBuildPhase section */

/* Begin PBXSourcesBuildPhase section */
		67303E5A2A93E5F4009AF842 /* Sources */ = {
			isa = PBXSourcesBuildPhase;
			buildActionMask = 2147483647;
			files = (
				67303E922AAF4EE7009AF842 /* CountDownViewController.swift in Sources */,
				67303E7D2A9546E1009AF842 /* ScheduleViewController.swift in Sources */,
				67303E812A968ACC009AF842 /* CustomHomeTableViewCell.swift in Sources */,
				67303E832A97CFC6009AF842 /* countdownView.swift in Sources */,
				67303E662A93E5F4009AF842 /* ViewController.swift in Sources */,
				67303E622A93E5F4009AF842 /* AppDelegate.swift in Sources */,
				67303E902AAB4FBB009AF842 /* jsonResults.swift in Sources */,
				67303E7B2A9546B4009AF842 /* FocusViewController.swift in Sources */,
				67303E642A93E5F4009AF842 /* SceneDelegate.swift in Sources */,
				67303E7F2A9548AB009AF842 /* HomeViewController.swift in Sources */,
				67303E8A2A9CEDFE009AF842 /* newTimerPopupView.swift in Sources */,
				67303E8E2AA9FCA1009AF842 /* UpdateTimerViewController.swift in Sources */,
			);
			runOnlyForDeploymentPostprocessing = 0;
		};
/* End PBXSourcesBuildPhase section */

/* Begin PBXVariantGroup section */
		67303E672A93E5F4009AF842 /* Main.storyboard */ = {
			isa = PBXVariantGroup;
			children = (
				67303E682A93E5F4009AF842 /* Base */,
			);
			name = Main.storyboard;
			sourceTree = "<group>";
		};
/* End PBXVariantGroup section */

/* Begin XCBuildConfiguration section */
		67303E702A93E5F5009AF842 /* Debug */ = {
			isa = XCBuildConfiguration;
			buildSettings = {
				ALWAYS_SEARCH_USER_PATHS = NO;
				CLANG_ANALYZER_NONNULL = YES;
				CLANG_ANALYZER_NUMBER_OBJECT_CONVERSION = YES_AGGRESSIVE;
				CLANG_CXX_LANGUAGE_STANDARD = "gnu++20";
				CLANG_ENABLE_MODULES = YES;
				CLANG_ENABLE_OBJC_ARC = YES;
				CLANG_ENABLE_OBJC_WEAK = YES;
				CLANG_WARN_BLOCK_CAPTURE_AUTORELEASING = YES;
				CLANG_WARN_BOOL_CONVERSION = YES;
				CLANG_WARN_COMMA = YES;
				CLANG_WARN_CONSTANT_CONVERSION = YES;
				CLANG_WARN_DEPRECATED_OBJC_IMPLEMENTATIONS = YES;
				CLANG_WARN_DIRECT_OBJC_ISA_USAGE = YES_ERROR;
				CLANG_WARN_DOCUMENTATION_COMMENTS = YES;
				CLANG_WARN_EMPTY_BODY = YES;
				CLANG_WARN_ENUM_CONVERSION = YES;
				CLANG_WARN_INFINITE_RECURSION = YES;
				CLANG_WARN_INT_CONVERSION = YES;
				CLANG_WARN_NON_LITERAL_NULL_CONVERSION = YES;
				CLANG_WARN_OBJC_IMPLICIT_RETAIN_SELF = YES;
				CLANG_WARN_OBJC_LITERAL_CONVERSION = YES;
				CLANG_WARN_OBJC_ROOT_CLASS = YES_ERROR;
				CLANG_WARN_QUOTED_INCLUDE_IN_FRAMEWORK_HEADER = YES;
				CLANG_WARN_RANGE_LOOP_ANALYSIS = YES;
				CLANG_WARN_STRICT_PROTOTYPES = YES;
				CLANG_WARN_SUSPICIOUS_MOVE = YES;
				CLANG_WARN_UNGUARDED_AVAILABILITY = YES_AGGRESSIVE;
				CLANG_WARN_UNREACHABLE_CODE = YES;
				CLANG_WARN__DUPLICATE_METHOD_MATCH = YES;
				COPY_PHASE_STRIP = NO;
				DEBUG_INFORMATION_FORMAT = dwarf;
				ENABLE_STRICT_OBJC_MSGSEND = YES;
				ENABLE_TESTABILITY = YES;
				GCC_C_LANGUAGE_STANDARD = gnu11;
				GCC_DYNAMIC_NO_PIC = NO;
				GCC_NO_COMMON_BLOCKS = YES;
				GCC_OPTIMIZATION_LEVEL = 0;
				GCC_PREPROCESSOR_DEFINITIONS = (
					"DEBUG=1",
					"$(inherited)",
				);
				GCC_WARN_64_TO_32_BIT_CONVERSION = YES;
				GCC_WARN_ABOUT_RETURN_TYPE = YES_ERROR;
				GCC_WARN_UNDECLARED_SELECTOR = YES;
				GCC_WARN_UNINITIALIZED_AUTOS = YES_AGGRESSIVE;
				GCC_WARN_UNUSED_FUNCTION = YES;
				GCC_WARN_UNUSED_VARIABLE = YES;
				IPHONEOS_DEPLOYMENT_TARGET = 16.4;
				MTL_ENABLE_DEBUG_INFO = INCLUDE_SOURCE;
				MTL_FAST_MATH = YES;
				ONLY_ACTIVE_ARCH = YES;
				SDKROOT = iphoneos;
				SWIFT_ACTIVE_COMPILATION_CONDITIONS = DEBUG;
				SWIFT_OPTIMIZATION_LEVEL = "-Onone";
			};
			name = Debug;
		};
		67303E712A93E5F5009AF842 /* Release */ = {
			isa = XCBuildConfiguration;
			buildSettings = {
				ALWAYS_SEARCH_USER_PATHS = NO;
				CLANG_ANALYZER_NONNULL = YES;
				CLANG_ANALYZER_NUMBER_OBJECT_CONVERSION = YES_AGGRESSIVE;
				CLANG_CXX_LANGUAGE_STANDARD = "gnu++20";
				CLANG_ENABLE_MODULES = YES;
				CLANG_ENABLE_OBJC_ARC = YES;
				CLANG_ENABLE_OBJC_WEAK = YES;
				CLANG_WARN_BLOCK_CAPTURE_AUTORELEASING = YES;
				CLANG_WARN_BOOL_CONVERSION = YES;
				CLANG_WARN_COMMA = YES;
				CLANG_WARN_CONSTANT_CONVERSION = YES;
				CLANG_WARN_DEPRECATED_OBJC_IMPLEMENTATIONS = YES;
				CLANG_WARN_DIRECT_OBJC_ISA_USAGE = YES_ERROR;
				CLANG_WARN_DOCUMENTATION_COMMENTS = YES;
				CLANG_WARN_EMPTY_BODY = YES;
				CLANG_WARN_ENUM_CONVERSION = YES;
				CLANG_WARN_INFINITE_RECURSION = YES;
				CLANG_WARN_INT_CONVERSION = YES;
				CLANG_WARN_NON_LITERAL_NULL_CONVERSION = YES;
				CLANG_WARN_OBJC_IMPLICIT_RETAIN_SELF = YES;
				CLANG_WARN_OBJC_LITERAL_CONVERSION = YES;
				CLANG_WARN_OBJC_ROOT_CLASS = YES_ERROR;
				CLANG_WARN_QUOTED_INCLUDE_IN_FRAMEWORK_HEADER = YES;
				CLANG_WARN_RANGE_LOOP_ANALYSIS = YES;
				CLANG_WARN_STRICT_PROTOTYPES = YES;
				CLANG_WARN_SUSPICIOUS_MOVE = YES;
				CLANG_WARN_UNGUARDED_AVAILABILITY = YES_AGGRESSIVE;
				CLANG_WARN_UNREACHABLE_CODE = YES;
				CLANG_WARN__DUPLICATE_METHOD_MATCH = YES;
				COPY_PHASE_STRIP = NO;
				DEBUG_INFORMATION_FORMAT = "dwarf-with-dsym";
				ENABLE_NS_ASSERTIONS = NO;
				ENABLE_STRICT_OBJC_MSGSEND = YES;
				GCC_C_LANGUAGE_STANDARD = gnu11;
				GCC_NO_COMMON_BLOCKS = YES;
				GCC_WARN_64_TO_32_BIT_CONVERSION = YES;
				GCC_WARN_ABOUT_RETURN_TYPE = YES_ERROR;
				GCC_WARN_UNDECLARED_SELECTOR = YES;
				GCC_WARN_UNINITIALIZED_AUTOS = YES_AGGRESSIVE;
				GCC_WARN_UNUSED_FUNCTION = YES;
				GCC_WARN_UNUSED_VARIABLE = YES;
				IPHONEOS_DEPLOYMENT_TARGET = 16.4;
				MTL_ENABLE_DEBUG_INFO = NO;
				MTL_FAST_MATH = YES;
				SDKROOT = iphoneos;
				SWIFT_COMPILATION_MODE = wholemodule;
				SWIFT_OPTIMIZATION_LEVEL = "-O";
				VALIDATE_PRODUCT = YES;
			};
			name = Release;
		};
		67303E732A93E5F5009AF842 /* Debug */ = {
			isa = XCBuildConfiguration;
			buildSettings = {
				ASSETCATALOG_COMPILER_APPICON_NAME = AppIcon;
				ASSETCATALOG_COMPILER_GLOBAL_ACCENT_COLOR_NAME = AccentColor;
				CODE_SIGN_STYLE = Automatic;
				CURRENT_PROJECT_VERSION = 1;
				DEVELOPMENT_TEAM = M4F4G6NV28;
				GENERATE_INFOPLIST_FILE = YES;
				INFOPLIST_FILE = BreakTimeReminderApp/Info.plist;
				INFOPLIST_KEY_UIApplicationSupportsIndirectInputEvents = YES;
				INFOPLIST_KEY_UILaunchStoryboardName = LaunchScreen;
				INFOPLIST_KEY_UIMainStoryboardFile = "";
				INFOPLIST_KEY_UISupportedInterfaceOrientations_iPad = "UIInterfaceOrientationPortrait UIInterfaceOrientationPortraitUpsideDown UIInterfaceOrientationLandscapeLeft UIInterfaceOrientationLandscapeRight";
				INFOPLIST_KEY_UISupportedInterfaceOrientations_iPhone = "UIInterfaceOrientationPortrait UIInterfaceOrientationLandscapeLeft UIInterfaceOrientationLandscapeRight";
				LD_RUNPATH_SEARCH_PATHS = (
					"$(inherited)",
					"@executable_path/Frameworks",
				);
				MARKETING_VERSION = 1.0;
				PRODUCT_BUNDLE_IDENTIFIER = com.BreakTimeReminderApp;
				PRODUCT_NAME = "$(TARGET_NAME)";
				SWIFT_EMIT_LOC_STRINGS = YES;
				SWIFT_VERSION = 5.0;
				TARGETED_DEVICE_FAMILY = "1,2";
			};
			name = Debug;
		};
		67303E742A93E5F5009AF842 /* Release */ = {
			isa = XCBuildConfiguration;
			buildSettings = {
				ASSETCATALOG_COMPILER_APPICON_NAME = AppIcon;
				ASSETCATALOG_COMPILER_GLOBAL_ACCENT_COLOR_NAME = AccentColor;
				CODE_SIGN_STYLE = Automatic;
				CURRENT_PROJECT_VERSION = 1;
				DEVELOPMENT_TEAM = M4F4G6NV28;
				GENERATE_INFOPLIST_FILE = YES;
				INFOPLIST_FILE = BreakTimeReminderApp/Info.plist;
				INFOPLIST_KEY_UIApplicationSupportsIndirectInputEvents = YES;
				INFOPLIST_KEY_UILaunchStoryboardName = LaunchScreen;
				INFOPLIST_KEY_UIMainStoryboardFile = "";
				INFOPLIST_KEY_UISupportedInterfaceOrientations_iPad = "UIInterfaceOrientationPortrait UIInterfaceOrientationPortraitUpsideDown UIInterfaceOrientationLandscapeLeft UIInterfaceOrientationLandscapeRight";
				INFOPLIST_KEY_UISupportedInterfaceOrientations_iPhone = "UIInterfaceOrientationPortrait UIInterfaceOrientationLandscapeLeft UIInterfaceOrientationLandscapeRight";
				LD_RUNPATH_SEARCH_PATHS = (
					"$(inherited)",
					"@executable_path/Frameworks",
				);
				MARKETING_VERSION = 1.0;
				PRODUCT_BUNDLE_IDENTIFIER = com.BreakTimeReminderApp;
				PRODUCT_NAME = "$(TARGET_NAME)";
				SWIFT_EMIT_LOC_STRINGS = YES;
				SWIFT_VERSION = 5.0;
				TARGETED_DEVICE_FAMILY = "1,2";
			};
			name = Release;
		};
/* End XCBuildConfiguration section */

/* Begin XCConfigurationList section */
		67303E592A93E5F4009AF842 /* Build configuration list for PBXProject "BreakTimeReminderApp" */ = {
			isa = XCConfigurationList;
			buildConfigurations = (
				67303E702A93E5F5009AF842 /* Debug */,
				67303E712A93E5F5009AF842 /* Release */,
			);
			defaultConfigurationIsVisible = 0;
			defaultConfigurationName = Release;
		};
		67303E722A93E5F5009AF842 /* Build configuration list for PBXNativeTarget "BreakTimeReminderApp" */ = {
			isa = XCConfigurationList;
			buildConfigurations = (
				67303E732A93E5F5009AF842 /* Debug */,
				67303E742A93E5F5009AF842 /* Release */,
			);
			defaultConfigurationIsVisible = 0;
			defaultConfigurationName = Release;
		};
/* End XCConfigurationList section */

/* Begin XCRemoteSwiftPackageReference section */
		67303E842A9A8E7E009AF842 /* XCRemoteSwiftPackageReference "FSCalendar" */ = {
			isa = XCRemoteSwiftPackageReference;
			repositoryURL = "https://github.com/WenchaoD/FSCalendar.git";
			requirement = {
				kind = upToNextMajorVersion;
				minimumVersion = 2.0.0;
			};
		};
/* End XCRemoteSwiftPackageReference section */

/* Begin XCSwiftPackageProductDependency section */
		67303E852A9A8E7E009AF842 /* FSCalendar */ = {
			isa = XCSwiftPackageProductDependency;
			package = 67303E842A9A8E7E009AF842 /* XCRemoteSwiftPackageReference "FSCalendar" */;
			productName = FSCalendar;
		};
/* End XCSwiftPackageProductDependency section */
	};
	rootObject = 67303E562A93E5F4009AF842 /* Project object */;
}
